
Microsoft Visual Studio Solution File, Format Version 12.00
# Visual Studio Version 17
VisualStudioVersion = 17.14.37012.4 d17.14
MinimumVisualStudioVersion = 10.0.40219.1
Project("{FAE04EC0-301F-11D3-BF4B-00C04F79EFBC}") = "Dice game", "Dice game.csproj", "{2D2371BF-8F49-4CA6-AC42-BC0FC132C471}"
EndProject
Global
	GlobalSection(SolutionConfigurationPlatforms) = preSolution
		Debug|Any CPU = Debug|Any CPU
		Release|Any CPU = Release|Any CPU
	EndGlobalSection
	GlobalSection(ProjectConfigurationPlatforms) = postSolution
		{2D2371BF-8F49-4CA6-AC42-BC0FC132C471}.Debug|Any CPU.ActiveCfg = Debug|Any CPU
		{2D2371BF-8F49-4CA6-AC42-BC0FC132C471}.Debug|Any CPU.Build.0 = Debug|Any CPU
		{2D2371BF-8F49-4CA6-AC42-BC0FC132C471}.Release|Any CPU.ActiveCfg = Release|Any CPU
		{2D2371BF-8F49-4CA6-AC42-BC0FC132C471}.Release|Any CPU.Build.0 = Release|Any CPU
	EndGlobalSection
	GlobalSection(SolutionProperties) = preSolution
		HideSolutionNode = FALSE
	EndGlobalSection
	GlobalSection(ExtensibilityGlobals) = postSolution
		SolutionGuid = {2F77C39F-3E7B-4175-91DC-AC44B623C097}
	EndGlobalSection
EndGlobal
